// !$*UTF8*$!
{
	archiveVersion = 1;
	classes = {
	};
	objectVersion = 46;
	objects = {

/* Begin PBXBuildFile section */
		390AD55C1D05E6E2009CB790 /* AppDelegate.swift in Sources */ = {isa = PBXBuildFile; fileRef = 390AD55B1D05E6E2009CB790 /* AppDelegate.swift */; };
		390AD55E1D05E6E2009CB790 /* ViewController.swift in Sources */ = {isa = PBXBuildFile; fileRef = 390AD55D1D05E6E2009CB790 /* ViewController.swift */; };
		390AD5611D05E6E2009CB790 /* Main.storyboard in Resources */ = {isa = PBXBuildFile; fileRef = 390AD55F1D05E6E2009CB790 /* Main.storyboard */; };
		390AD5631D05E6E2009CB790 /* Assets.xcassets in Resources */ = {isa = PBXBuildFile; fileRef = 390AD5621D05E6E2009CB790 /* Assets.xcassets */; };
		390AD5661D05E6E2009CB790 /* LaunchScreen.storyboard in Resources */ = {isa = PBXBuildFile; fileRef = 390AD5641D05E6E2009CB790 /* LaunchScreen.storyboard */; };
		6C0D844B9F73A21E4FAB7A90 /* Pods_TestBuildError.framework in Frameworks */ = {isa = PBXBuildFile; fileRef = ED3DB2712D8129EFA1D86911 /* Pods_TestBuildError.framework */; };
/* End PBXBuildFile section */

/* Begin PBXFileReference section */
		390AD5581D05E6E2009CB790 /* TestBuildError.app */ = {isa = PBXFileReference; explicitFileType = wrapper.application; includeInIndex = 0; path = TestBuildError.app; sourceTree = BUILT_PRODUCTS_DIR; };
		390AD55B1D05E6E2009CB790 /* AppDelegate.swift */ = {isa = PBXFileReference; lastKnownFileType = sourcecode.swift; path = AppDelegate.swift; sourceTree = "<group>"; };
		390AD55D1D05E6E2009CB790 /* ViewController.swift */ = {isa = PBXFileReference; lastKnownFileType = sourcecode.swift; path = ViewController.swift; sourceTree = "<group>"; };
		390AD5601D05E6E2009CB790 /* Base */ = {isa = PBXFileReference; lastKnownFileType = file.storyboard; name = Base; path = Base.lproj/Main.storyboard; sourceTree = "<group>"; };
		390AD5621D05E6E2009CB790 /* Assets.xcassets */ = {isa = PBXFileReference; lastKnownFileType = folder.assetcatalog; path = Assets.xcassets; sourceTree = "<group>"; };
		390AD5651D05E6E2009CB790 /* Base */ = {isa = PBXFileReference; lastKnownFileType = file.storyboard; name = Base; path = Base.lproj/LaunchScreen.storyboard; sourceTree = "<group>"; };
		390AD5671D05E6E2009CB790 /* Info.plist */ = {isa = PBXFileReference; lastKnownFileType = text.plist.xml; path = Info.plist; sourceTree = "<group>"; };
		B865A3A632AFDC2A425724F9 /* Pods-TestBuildError.release.xcconfig */ = {isa = PBXFileReference; includeInIndex = 1; lastKnownFileType = text.xcconfig; name = "Pods-TestBuildError.release.xcconfig"; path = "Pods/Target Support Files/Pods-TestBuildError/Pods-TestBuildError.release.xcconfig"; sourceTree = "<group>"; };
		ED3DB2712D8129EFA1D86911 /* Pods_TestBuildError.framework */ = {isa = PBXFileReference; explicitFileType = wrapper.framework; includeInIndex = 0; path = Pods_TestBuildError.framework; sourceTree = BUILT_PRODUCTS_DIR; };
		FD5A31666522209824A9D21F /* Pods-TestBuildError.debug.xcconfig */ = {isa = PBXFileReference; includeInIndex = 1; lastKnownFileType = text.xcconfig; name = "Pods-TestBuildError.debug.xcconfig"; path = "Pods/Target Support Files/Pods-TestBuildError/Pods-TestBuildError.debug.xcconfig"; sourceTree = "<group>"; };
/* End PBXFileReference section */

/* Begin PBXFrameworksBuildPhase section */
		390AD5551D05E6E2009CB790 /* Frameworks */ = {
			isa = PBXFrameworksBuildPhase;
			buildActionMask = 2147483647;
			files = (
				6C0D844B9F73A21E4FAB7A90 /* Pods_TestBuildError.framework in Frameworks */,
			);
			runOnlyForDeploymentPostprocessing = 0;
		};
/* End PBXFrameworksBuildPhase section */

/* Begin PBXGroup section */
		3106047587674095195EDDF0 /* Frameworks */ = {
			isa = PBXGroup;
			children = (
				ED3DB2712D8129EFA1D86911 /* Pods_TestBuildError.framework */,
			);
			name = Frameworks;
			sourceTree = "<group>";
		};
		390AD54F1D05E6E2009CB790 = {
			isa = PBXGroup;
			children = (
				390AD55A1D05E6E2009CB790 /* TestBuildError */,
				390AD5591D05E6E2009CB790 /* Products */,
				CBCDA80696E1E61D117B508C /* Pods */,
				3106047587674095195EDDF0 /* Frameworks */,
			);
			sourceTree = "<group>";
		};
		390AD5591D05E6E2009CB790 /* Products */ = {
			isa = PBXGroup;
			children = (
				390AD5581D05E6E2009CB790 /* TestBuildError.app */,
			);
			name = Products;
			sourceTree = "<group>";
		};
		390AD55A1D05E6E2009CB790 /* TestBuildError */ = {
			isa = PBXGroup;
			children = (
				390AD55B1D05E6E2009CB790 /* AppDelegate.swift */,
				390AD55D1D05E6E2009CB790 /* ViewController.swift */,
				390AD55F1D05E6E2009CB790 /* Main.storyboard */,
				390AD5621D05E6E2009CB790 /* Assets.xcassets */,
				390AD5641D05E6E2009CB790 /* LaunchScreen.storyboard */,
				390AD5671D05E6E2009CB790 /* Info.plist */,
			);
			path = TestBuildError;
			sourceTree = "<group>";
		};
		CBCDA80696E1E61D117B508C /* Pods */ = {
			isa = PBXGroup;
			children = (
				FD5A31666522209824A9D21F /* Pods-TestBuildError.debug.xcconfig */,
				B865A3A632AFDC2A425724F9 /* Pods-TestBuildError.release.xcconfig */,
			);
			name = Pods;
			sourceTree = "<group>";
		};
/* End PBXGroup section */

/* Begin PBXNativeTarget section */
		390AD5571D05E6E2009CB790 /* TestBuildError */ = {
			isa = PBXNativeTarget;
			buildConfigurationList = 390AD56A1D05E6E2009CB790 /* Build configuration list for PBXNativeTarget "TestBuildError" */;
			buildPhases = (
				16FACCC78B30641EC481C843 /* [CP] Check Pods Manifest.lock */,
				390AD5541D05E6E2009CB790 /* Sources */,
				390AD5551D05E6E2009CB790 /* Frameworks */,
				390AD5561D05E6E2009CB790 /* Resources */,
				245DE17F01254142A253B22C /* [CP] Embed Pods Frameworks */,
				5EEFBF4DE6CF621ADA0EF861 /* [CP] Copy Pods Resources */,
			);
			buildRules = (
			);
			dependencies = (
			);
			name = TestBuildError;
			productName = TestBuildError;
			productReference = 390AD5581D05E6E2009CB790 /* TestBuildError.app */;
			productType = "com.apple.product-type.application";
		};
/* End PBXNativeTarget section */

/* Begin PBXProject section */
		390AD5501D05E6E2009CB790 /* Project object */ = {
			isa = PBXProject;
			attributes = {
				LastSwiftUpdateCheck = 0730;
				LastUpgradeCheck = 0730;
				ORGANIZATIONNAME = "Phu Nguyen Anh";
				TargetAttributes = {
					390AD5571D05E6E2009CB790 = {
						CreatedOnToolsVersion = 7.3.1;
						DevelopmentTeam = 2HXC77J55Y;
					};
				};
			};
			buildConfigurationList = 390AD5531D05E6E2009CB790 /* Build configuration list for PBXProject "TestBuildError" */;
			compatibilityVersion = "Xcode 3.2";
			developmentRegion = English;
			hasScannedForEncodings = 0;
			knownRegions = (
				en,
				Base,
			);
			mainGroup = 390AD54F1D05E6E2009CB790;
			productRefGroup = 390AD5591D05E6E2009CB790 /* Products */;
			projectDirPath = "";
			projectRoot = "";
			targets = (
				390AD5571D05E6E2009CB790 /* TestBuildError */,
			);
		};
/* End PBXProject section */

/* Begin PBXResourcesBuildPhase section */
		390AD5561D05E6E2009CB790 /* Resources */ = {
			isa = PBXResourcesBuildPhase;
			buildActionMask = 2147483647;
			files = (
				390AD5661D05E6E2009CB790 /* LaunchScreen.storyboard in Resources */,
				390AD5631D05E6E2009CB790 /* Assets.xcassets in Resources */,
				390AD5611D05E6E2009CB790 /* Main.storyboard in Resources */,
			);
			runOnlyForDeploymentPostprocessing = 0;
		};
/* End PBXResourcesBuildPhase section */

/* Begin PBXShellScriptBuildPhase section */
		16FACCC78B30641EC481C843 /* [CP] Check Pods Manifest.lock */ = {
			isa = PBXShellScriptBuildPhase;
			buildActionMask = 2147483647;
			files = (
			);
			inputPaths = (
			);
			name = "[CP] Check Pods Manifest.lock";
			outputPaths = (
			);
			runOnlyForDeploymentPostprocessing = 0;
			shellPath = /bin/sh;
			shellScript = "diff \"${PODS_ROOT}/../Podfile.lock\" \"${PODS_ROOT}/Manifest.lock\" > /dev/null\nif [[ $? != 0 ]] ; then\n    cat << EOM\nerror: The sandbox is not in sync with the Podfile.lock. Run 'pod install' or update your CocoaPods installation.\nEOM\n    exit 1\nfi\n";
			showEnvVarsInLog = 0;
		};
		245DE17F01254142A253B22C /* [CP] Embed Pods Frameworks */ = {
			isa = PBXShellScriptBuildPhase;
			buildActionMask = 2147483647;
			files = (
			);
			inputPaths = (
			);
			name = "[CP] Embed Pods Frameworks";
			outputPaths = (
			);
			runOnlyForDeploymentPostprocessing = 0;
			shellPath = /bin/sh;
			shellScript = "\"${SRCROOT}/Pods/Target Support Files/Pods-TestBuildError/Pods-TestBuildError-frameworks.sh\"\n";
			showEnvVarsInLog = 0;
		};
		5EEFBF4DE6CF621ADA0EF861 /* [CP] Copy Pods Resources */ = {
			isa = PBXShellScriptBuildPhase;
			buildActionMask = 2147483647;
			files = (
			);
			inputPaths = (
			);
			name = "[CP] Copy Pods Resources";
			outputPaths = (
			);
			runOnlyForDeploymentPostprocessing = 0;
			shellPath = /bin/sh;
			shellScript = "\"${SRCROOT}/Pods/Target Support Files/Pods-TestBuildError/Pods-TestBuildError-resources.sh\"\n";
			showEnvVarsInLog = 0;
		};
/* End PBXShellScriptBuildPhase section */

/* Begin PBXSourcesBuildPhase section */
		390AD5541D05E6E2009CB790 /* Sources */ = {
			isa = PBXSourcesBuildPhase;
			buildActionMask = 2147483647;
			files = (
				390AD55E1D05E6E2009CB790 /* ViewController.swift in Sources */,
				390AD55C1D05E6E2009CB790 /* AppDelegate.swift in Sources */,
			);
			runOnlyForDeploymentPostprocessing = 0;
		};
/* End PBXSourcesBuildPhase section */

/* Begin PBXVariantGroup section */
		390AD55F1D05E6E2009CB790 /* Main.storyboard */ = {
			isa = PBXVariantGroup;
			children = (
				390AD5601D05E6E2009CB790 /* Base */,
			);
			name = Main.storyboard;
			sourceTree = "<group>";
		};
		390AD5641D05E6E2009CB790 /* LaunchScreen.storyboard */ = {
			isa = PBXVariantGroup;
			children = (
				390AD5651D05E6E2009CB790 /* Base */,
			);
			name = LaunchScreen.storyboard;
			sourceTree = "<group>";
		};
/* End PBXVariantGroup section */

/* Begin XCBuildConfiguration section */
		390AD5681D05E6E2009CB790 /* Debug */ = {
			isa = XCBuildConfiguration;
			buildSettings = {
				ALWAYS_SEARCH_USER_PATHS = NO;
				CLANG_ANALYZER_NONNULL = YES;
				CLANG_CXX_LANGUAGE_STANDARD = "gnu++0x";
				CLANG_CXX_LIBRARY = "libc++";
				CLANG_ENABLE_MODULES = YES;
				CLANG_ENABLE_OBJC_ARC = YES;
				CLANG_WARN_BOOL_CONVERSION = YES;
				CLANG_WARN_CONSTANT_CONVERSION = YES;
				CLANG_WARN_DIRECT_OBJC_ISA_USAGE = YES_ERROR;
				CLANG_WARN_EMPTY_BODY = YES;
				CLANG_WARN_ENUM_CONVERSION = YES;
				CLANG_WARN_INT_CONVERSION = YES;
				CLANG_WARN_OBJC_ROOT_CLASS = YES_ERROR;
				CLANG_WARN_UNREACHABLE_CODE = YES;
				CLANG_WARN__DUPLICATE_METHOD_MATCH = YES;
				"CODE_SIGN_IDENTITY[sdk=iphoneos*]" = "iPhone Developer";
				COPY_PHASE_STRIP = NO;
				DEBUG_INFORMATION_FORMAT = dwarf;
				ENABLE_STRICT_OBJC_MSGSEND = YES;
				ENABLE_TESTABILITY = YES;
				GCC_C_LANGUAGE_STANDARD = gnu99;
				GCC_DYNAMIC_NO_PIC = NO;
				GCC_NO_COMMON_BLOCKS = YES;
				GCC_OPTIMIZATION_LEVEL = 0;
				GCC_PREPROCESSOR_DEFINITIONS = (
					"DEBUG=1",
					"$(inherited)",
				);
				GCC_WARN_64_TO_32_BIT_CONVERSION = YES;
				GCC_WARN_ABOUT_RETURN_TYPE = YES_ERROR;
				GCC_WARN_UNDECLARED_SELECTOR = YES;
				GCC_WARN_UNINITIALIZED_AUTOS = YES_AGGRESSIVE;
				GCC_WARN_UNUSED_FUNCTION = YES;
				GCC_WARN_UNUSED_VARIABLE = YES;
				IPHONEOS_DEPLOYMENT_TARGET = 9.3;
				MTL_ENABLE_DEBUG_INFO = YES;
				ONLY_ACTIVE_ARCH = YES;
				SDKROOT = iphoneos;
				SWIFT_OPTIMIZATION_LEVEL = "-Onone";
			};
			name = Debug;
		};
		390AD5691D05E6E2009CB790 /* Release */ = {
			isa = XCBuildConfiguration;
			buildSettings = {
				ALWAYS_SEARCH_USER_PATHS = NO;
				CLANG_ANALYZER_NONNULL = YES;
				CLANG_CXX_LANGUAGE_STANDARD = "gnu++0x";
				CLANG_CXX_LIBRARY = "libc++";
				CLANG_ENABLE_MODULES = YES;
				CLANG_ENABLE_OBJC_ARC = YES;
				CLANG_WARN_BOOL_CONVERSION = YES;
				CLANG_WARN_CONSTANT_CONVERSION = YES;
				CLANG_WARN_DIRECT_OBJC_ISA_USAGE = YES_ERROR;
				CLANG_WARN_EMPTY_BODY = YES;
				CLANG_WARN_ENUM_CONVERSION = YES;
				CLANG_WARN_INT_CONVERSION = YES;
				CLANG_WARN_OBJC_ROOT_CLASS = YES_ERROR;
				CLANG_WARN_UNREACHABLE_CODE = YES;
				CLANG_WARN__DUPLICATE_METHOD_MATCH = YES;
				"CODE_SIGN_IDENTITY[sdk=iphoneos*]" = "iPhone Developer";
				COPY_PHASE_STRIP = NO;
				DEBUG_INFORMATION_FORMAT = "dwarf-with-dsym";
				ENABLE_NS_ASSERTIONS = NO;
				ENABLE_STRICT_OBJC_MSGSEND = YES;
				GCC_C_LANGUAGE_STANDARD = gnu99;
				GCC_NO_COMMON_BLOCKS = YES;
				GCC_WARN_64_TO_32_BIT_CONVERSION = YES;
				GCC_WARN_ABOUT_RETURN_TYPE = YES_ERROR;
				GCC_WARN_UNDECLARED_SELECTOR = YES;
				GCC_WARN_UNINITIALIZED_AUTOS = YES_AGGRESSIVE;
				GCC_WARN_UNUSED_FUNCTION = YES;
				GCC_WARN_UNUSED_VARIABLE = YES;
				IPHONEOS_DEPLOYMENT_TARGET = 9.3;
				MTL_ENABLE_DEBUG_INFO = NO;
				SDKROOT = iphoneos;
				VALIDATE_PRODUCT = YES;
			};
			name = Release;
		};
		390AD56B1D05E6E2009CB790 /* Debug */ = {
			isa = XCBuildConfiguration;
			baseConfigurationReference = FD5A31666522209824A9D21F /* Pods-TestBuildError.debug.xcconfig */;
			buildSettings = {
				ASSETCATALOG_COMPILER_APPICON_NAME = AppIcon;
				INFOPLIST_FILE = TestBuildError/Info.plist;
				LD_RUNPATH_SEARCH_PATHS = "$(inherited) @executable_path/Frameworks";
				PRODUCT_BUNDLE_IDENTIFIER = com.phuna.TestBuildError;
				PRODUCT_NAME = "$(TARGET_NAME)";
			};
			name = Debug;
		};
		390AD56C1D05E6E2009CB790 /* Release */ = {
			isa = XCBuildConfiguration;
			baseConfigurationReference = B865A3A632AFDC2A425724F9 /* Pods-TestBuildError.release.xcconfig */;
			buildSettings = {
				ASSETCATALOG_COMPILER_APPICON_NAME = AppIcon;
				INFOPLIST_FILE = TestBuildError/Info.plist;
				LD_RUNPATH_SEARCH_PATHS = "$(inherited) @executable_path/Frameworks";
				PRODUCT_BUNDLE_IDENTIFIER = com.phuna.TestBuildError;
				PRODUCT_NAME = "$(TARGET_NAME)";
			};
			name = Release;
		};
/* End XCBuildConfiguration section */

/* Begin XCConfigurationList section */
		390AD5531D05E6E2009CB790 /* Build configuration list for PBXProject "TestBuildError" */ = {
			isa = XCConfigurationList;
			buildConfigurations = (
				390AD5681D05E6E2009CB790 /* Debug */,
				390AD5691D05E6E2009CB790 /* Release */,
			);
			defaultConfigurationIsVisible = 0;
			defaultConfigurationName = Release;
		};
		390AD56A1D05E6E2009CB790 /* Build configuration list for PBXNativeTarget "TestBuildError" */ = {
			isa = XCConfigurationList;
			buildConfigurations = (
				390AD56B1D05E6E2009CB790 /* Debug */,
				390AD56C1D05E6E2009CB790 /* Release */,
			);
			defaultConfigurationIsVisible = 0;
			defaultConfigurationName = Release;
		};
/* End XCConfigurationList section */
	};
	rootObject = 390AD5501D05E6E2009CB790 /* Project object */;
}
